
Microsoft Visual Studio Solution File, Format Version 12.00
# Visual Studio Version 17
VisualStudioVersion = 17.3.32825.248
MinimumVisualStudioVersion = 10.0.40219.1
Project("{FAE04EC0-301F-11D3-BF4B-00C04F79EFBC}") = "IT008_Game_SaveThePlanet", "IT008_Game_Gun\IT008_Game_SaveThePlanet.csproj", "{4890D3CA-6B90-4266-BC6C-38C218424833}"
EndProject
Global
	GlobalSection(SolutionConfigurationPlatforms) = preSolution
		Debug|Any CPU = Debug|Any CPU
		Release|Any CPU = Release|Any CPU
	EndGlobalSection
	GlobalSection(ProjectConfigurationPlatforms) = postSolution
		{4890D3CA-6B90-4266-BC6C-38C218424833}.Debug|Any CPU.ActiveCfg = Debug|Any CPU
		{4890D3CA-6B90-4266-BC6C-38C218424833}.Debug|Any CPU.Build.0 = Debug|Any CPU
		{4890D3CA-6B90-4266-BC6C-38C218424833}.Release|Any CPU.ActiveCfg = Release|Any CPU
		{4890D3CA-6B90-4266-BC6C-38C218424833}.Release|Any CPU.Build.0 = Release|Any CPU
	EndGlobalSection
	GlobalSection(SolutionProperties) = preSolution
		HideSolutionNode = FALSE
	EndGlobalSection
	GlobalSection(ExtensibilityGlobals) = postSolution
		SolutionGuid = {1D72D324-9DA1-438D-9AEF-D207AA8933EE}
	EndGlobalSection
EndGlobal
